
Microsoft Visual Studio Solution File, Format Version 12.00
# Visual Studio Version 17
VisualStudioVersion = 17.0.32112.339
MinimumVisualStudioVersion = 10.0.40219.1
Project("{FAE04EC0-301F-11D3-BF4B-00C04F79EFBC}") = "VMMVSample", "VMMVSample.csproj", "{252570DC-CDE4-460A-846F-85BC46CD68C0}"
EndProject
Global
	GlobalSection(SolutionConfigurationPlatforms) = preSolution
		Debug|Any CPU = Debug|Any CPU
		Release|Any CPU = Release|Any CPU
	EndGlobalSection
	GlobalSection(ProjectConfigurationPlatforms) = postSolution
		{252570DC-CDE4-460A-846F-85BC46CD68C0}.Debug|Any CPU.ActiveCfg = Debug|Any CPU
		{252570DC-CDE4-460A-846F-85BC46CD68C0}.Debug|Any CPU.Build.0 = Debug|Any CPU
		{252570DC-CDE4-460A-846F-85BC46CD68C0}.Release|Any CPU.ActiveCfg = Release|Any CPU
		{252570DC-CDE4-460A-846F-85BC46CD68C0}.Release|Any CPU.Build.0 = Release|Any CPU
	EndGlobalSection
	GlobalSection(SolutionProperties) = preSolution
		HideSolutionNode = FALSE
	EndGlobalSection
	GlobalSection(ExtensibilityGlobals) = postSolution
		SolutionGuid = {E33829CA-5342-4B4F-855E-7FAA36569347}
	EndGlobalSection
EndGlobal
